
Microsoft Visual Studio Solution File, Format Version 12.00
# Visual Studio Version 17
VisualStudioVersion = 17.11.35312.102
MinimumVisualStudioVersion = 10.0.40219.1
Project("{8BC9CEB8-8B4A-11D0-8D11-00A0C91BC942}") = "ReKsword", "Ksword重构.vcxproj", "{AA1E298F-E2FD-43F2-BA13-311623AD8E89}"
EndProject
Project("{8BC9CEB8-8B4A-11D0-8D11-00A0C91BC942}") = "KswordKernel", "KswordKernel\KswordKernel.vcxproj", "{5C5EEC44-F885-39A3-9BF2-CA525D873B2A}"
EndProject
Global
	GlobalSection(SolutionConfigurationPlatforms) = preSolution
		Debug|x64 = Debug|x64
		Debug|x86 = Debug|x86
		Release|x64 = Release|x64
		Release|x86 = Release|x86
	EndGlobalSection
	GlobalSection(ProjectConfigurationPlatforms) = postSolution
		{AA1E298F-E2FD-43F2-BA13-311623AD8E89}.Debug|x64.ActiveCfg = Debug|x64
		{AA1E298F-E2FD-43F2-BA13-311623AD8E89}.Debug|x64.Build.0 = Debug|x64
		{AA1E298F-E2FD-43F2-BA13-311623AD8E89}.Debug|x86.ActiveCfg = Debug|Win32
		{AA1E298F-E2FD-43F2-BA13-311623AD8E89}.Debug|x86.Build.0 = Debug|Win32
		{AA1E298F-E2FD-43F2-BA13-311623AD8E89}.Release|x64.ActiveCfg = Release|x64
		{AA1E298F-E2FD-43F2-BA13-311623AD8E89}.Release|x64.Build.0 = Release|x64
		{AA1E298F-E2FD-43F2-BA13-311623AD8E89}.Release|x86.ActiveCfg = Release|Win32
		{AA1E298F-E2FD-43F2-BA13-311623AD8E89}.Release|x86.Build.0 = Release|Win32
		{5C5EEC44-F885-39A3-9BF2-CA525D873B2A}.Debug|x64.ActiveCfg = Debug|x64
		{5C5EEC44-F885-39A3-9BF2-CA525D873B2A}.Debug|x64.Build.0 = Debug|x64
		{5C5EEC44-F885-39A3-9BF2-CA525D873B2A}.Debug|x64.Deploy.0 = Debug|x64
		{5C5EEC44-F885-39A3-9BF2-CA525D873B2A}.Debug|x86.ActiveCfg = Debug|x64
		{5C5EEC44-F885-39A3-9BF2-CA525D873B2A}.Debug|x86.Build.0 = Debug|x64
		{5C5EEC44-F885-39A3-9BF2-CA525D873B2A}.Debug|x86.Deploy.0 = Debug|x64
		{5C5EEC44-F885-39A3-9BF2-CA525D873B2A}.Release|x64.ActiveCfg = Release|x64
		{5C5EEC44-F885-39A3-9BF2-CA525D873B2A}.Release|x64.Build.0 = Release|x64
		{5C5EEC44-F885-39A3-9BF2-CA525D873B2A}.Release|x64.Deploy.0 = Release|x64
		{5C5EEC44-F885-39A3-9BF2-CA525D873B2A}.Release|x86.ActiveCfg = Release|x64
		{5C5EEC44-F885-39A3-9BF2-CA525D873B2A}.Release|x86.Build.0 = Release|x64
		{5C5EEC44-F885-39A3-9BF2-CA525D873B2A}.Release|x86.Deploy.0 = Release|x64
	EndGlobalSection
	GlobalSection(SolutionProperties) = preSolution
		HideSolutionNode = FALSE
	EndGlobalSection
	GlobalSection(ExtensibilityGlobals) = postSolution
		SolutionGuid = {672BB915-7D19-4168-A485-780C1C30D397}
	EndGlobalSection
EndGlobal
