<?xml version="1.0" encoding="utf-8"?>
<Project ToolsVersion="4.0" xmlns="http://schemas.microsoft.com/developer/msbuild/2003">
  <ItemGroup><Filter Include="Source"><UniqueIdentifier>{C1DB62D2-8428-45DD-9B2E-A7B9D1F6B2D0}</UniqueIdentifier></Filter><Filter Include="Header"><UniqueIdentifier>{F41FA5DD-DC5C-4C5D-BE4A-5A1D2FC5B29F}</UniqueIdentifier></Filter><Filter Include="Build"><UniqueIdentifier>{BB8F69F7-3BBA-43B4-8B58-4FC125C0D42D}</UniqueIdentifier></Filter><Filter Include="Resource Files"><UniqueIdentifier>{7B5B4B0D-0B50-49C0-88EF-BD0E0A7D4D28}</UniqueIdentifier></Filter></ItemGroup>
  <ItemGroup><ClCompile Include="Bundle.cpp"><Filter>Source</Filter></ClCompile><ClCompile Include="Compatibility.cpp"><Filter>Source</Filter></ClCompile><ClCompile Include="Json.cpp"><Filter>Source</Filter></ClCompile><ClCompile Include="Main.cpp"><Filter>Source</Filter></ClCompile><ClCompile Include="Marker.cpp"><Filter>Source</Filter></ClCompile><ClCompile Include="Ui.cpp"><Filter>Source</Filter></ClCompile><ClCompile Include="Utilities.cpp"><Filter>Source</Filter></ClCompile></ItemGroup>
  <ItemGroup><ClInclude Include="Json.h"><Filter>Header</Filter></ClInclude><ClInclude Include="Launcher.h"><Filter>Header</Filter></ClInclude></ItemGroup>
  <ItemGroup><ResourceCompile Include="Launcher.rc"><Filter>Resource Files</Filter></ResourceCompile><Image Include="..\Ksword5.1\Ksword5.1\Resource\Logo\KswordLogo.ico"><Filter>Resource Files</Filter></Image></ItemGroup>
  <ItemGroup><None Include="support_manifest_source.json"><Filter>Build</Filter></None><None Include="launcher_support_manifest.schema.json"><Filter>Build</Filter></None><None Include="launcher_support_manifest.json"><Filter>Build</Filter></None><None Include="tools\generate_support_manifest.py"><Filter>Build</Filter></None></ItemGroup>
</Project>
