
Microsoft Visual Studio Solution File, Format Version 12.00
# Visual Studio Version 17
VisualStudioVersion = 17.14.36414.22
MinimumVisualStudioVersion = 10.0.40219.1
Project("{8BC9CEB8-8B4A-11D0-8D11-00A0C91BC942}") = "Ksword5.1", "Ksword5.1\Ksword5.1.vcxproj", "{DB322F56-140F-4CBF-8CF4-2D89B3DD293E}"
EndProject
Project("{8BC9CEB8-8B4A-11D0-8D11-00A0C91BC942}") = "Taskbar", "..\Taskbar\Taskbar.vcxproj", "{F695C34B-DEFC-4DA4-A7C8-7133C07A1BC3}"
EndProject
Project("{8BC9CEB8-8B4A-11D0-8D11-00A0C91BC942}") = "KswordHUD", "..\KswordHUD\KswordHUD.vcxproj", "{FD474EA8-79AC-46C1-952C-5F0222CBC178}"
EndProject
Project("{8BC9CEB8-8B4A-11D0-8D11-00A0C91BC942}") = "APIMonitor_x64", "..\APIMonitor_x64\APIMonitor_x64.vcxproj", "{CEF9AD14-A819-4792-AA6B-009DB21334EE}"
EndProject
Global
	GlobalSection(SolutionConfigurationPlatforms) = preSolution
		Debug|x64 = Debug|x64
		Release|x64 = Release|x64
	EndGlobalSection
	GlobalSection(ProjectConfigurationPlatforms) = postSolution
		{DB322F56-140F-4CBF-8CF4-2D89B3DD293E}.Debug|x64.ActiveCfg = Debug|x64
		{DB322F56-140F-4CBF-8CF4-2D89B3DD293E}.Debug|x64.Build.0 = Debug|x64
		{DB322F56-140F-4CBF-8CF4-2D89B3DD293E}.Release|x64.ActiveCfg = Release|x64
		{DB322F56-140F-4CBF-8CF4-2D89B3DD293E}.Release|x64.Build.0 = Release|x64
		{F695C34B-DEFC-4DA4-A7C8-7133C07A1BC3}.Debug|x64.ActiveCfg = Debug|x64
		{F695C34B-DEFC-4DA4-A7C8-7133C07A1BC3}.Debug|x64.Build.0 = Debug|x64
		{F695C34B-DEFC-4DA4-A7C8-7133C07A1BC3}.Release|x64.ActiveCfg = Release|x64
		{F695C34B-DEFC-4DA4-A7C8-7133C07A1BC3}.Release|x64.Build.0 = Release|x64
		{FD474EA8-79AC-46C1-952C-5F0222CBC178}.Debug|x64.ActiveCfg = Debug|x64
		{FD474EA8-79AC-46C1-952C-5F0222CBC178}.Debug|x64.Build.0 = Debug|x64
		{FD474EA8-79AC-46C1-952C-5F0222CBC178}.Release|x64.ActiveCfg = Release|x64
		{FD474EA8-79AC-46C1-952C-5F0222CBC178}.Release|x64.Build.0 = Release|x64
		{CEF9AD14-A819-4792-AA6B-009DB21334EE}.Debug|x64.ActiveCfg = Debug|x64
		{CEF9AD14-A819-4792-AA6B-009DB21334EE}.Debug|x64.Build.0 = Debug|x64
		{CEF9AD14-A819-4792-AA6B-009DB21334EE}.Release|x64.ActiveCfg = Release|x64
		{CEF9AD14-A819-4792-AA6B-009DB21334EE}.Release|x64.Build.0 = Release|x64
	EndGlobalSection
	GlobalSection(SolutionProperties) = preSolution
		HideSolutionNode = FALSE
	EndGlobalSection
	GlobalSection(ExtensibilityGlobals) = postSolution
		SolutionGuid = {D12C0D2A-A158-4EBB-A294-6FC85CD581CB}
	EndGlobalSection
EndGlobal
