<?xml version='1.0' encoding='utf-8'?>
<Project xmlns="http://schemas.microsoft.com/developer/msbuild/2003" ToolsVersion="4.0">
  <ItemGroup>
    <Filter Include="源文件">
      <UniqueIdentifier>{4FC737F1-C7A5-4376-A066-2A32D752A2FF}</UniqueIdentifier>
      <Extensions>cpp;c;cc;cxx;c++;cppm;ixx;def;odl;idl;hpj;bat;asm;asmx</Extensions>
    </Filter>
    <Filter Include="头文件">
      <UniqueIdentifier>{93995380-89BD-4b04-88EB-625FBE52EBFB}</UniqueIdentifier>
      <Extensions>h;hh;hpp;hxx;h++;hm;inl;inc;ipp;xsd</Extensions>
    </Filter>
    <Filter Include="资源文件">
      <UniqueIdentifier>{67DA6AB6-F800-4c08-8B7A-83BB121AAD01}</UniqueIdentifier>
      <Extensions>rc;ico;cur;bmp;dlg;rc2;rct;bin;rgs;gif;jpg;jpeg;jpe;resx;tiff;tif;png;wav;mfcribbon-ms</Extensions>
    </Filter>
  </ItemGroup>
  <ItemGroup>
    <ClCompile Include="KswordFrame3.0.cpp">
      <Filter>源文件</Filter>
    </ClCompile>
    <ClCompile Include="KswordWinAPICore\ksword.cpp">
      <Filter>源文件</Filter>
    </ClCompile>
    <ClCompile Include="KswordWinAPICore\Environment.cpp">
      <Filter>源文件</Filter>
    </ClCompile>
    <ClCompile Include="KswordWinAPICore\KLog.cpp">
      <Filter>源文件</Filter>
    </ClCompile>
    <ClCompile Include="Main.cpp">
      <Filter>源文件</Filter>
    </ClCompile>
    <ClCompile Include="KswordGUI\KswordStyle.cpp">
      <Filter>源文件</Filter>
    </ClCompile>
  <ClCompile Include="KswordGUI\KDataView.cpp"><Filter>源文件</Filter></ClCompile><ClCompile Include="KswordGUI\KDock.cpp"><Filter>源文件</Filter></ClCompile><ClCompile Include="KswordGUI\KIcon.cpp"><Filter>源文件</Filter></ClCompile><ClCompile Include="KswordGUI\KImage.cpp"><Filter>源文件</Filter></ClCompile><ClCompile Include="KswordGUI\KLayout.cpp"><Filter>源文件</Filter></ClCompile><ClCompile Include="KswordGUI\KNavigation.cpp"><Filter>源文件</Filter></ClCompile><ClCompile Include="KswordGUI\KOverlay.cpp"><Filter>源文件</Filter></ClCompile><ClCompile Include="KswordGUI\KTable.cpp"><Filter>源文件</Filter></ClCompile><ClCompile Include="KswordGUI\KTheme.cpp"><Filter>源文件</Filter></ClCompile><ClCompile Include="KswordGUI\KTitleBar.cpp"><Filter>源文件</Filter></ClCompile><ClCompile Include="KswordGUI\KVisual.cpp"><Filter>源文件</Filter></ClCompile><ClCompile Include="KswordGUI\KWidgetFactories.cpp"><Filter>源文件</Filter></ClCompile><ClCompile Include="KswordGUI\KWidgets.cpp"><Filter>源文件</Filter></ClCompile></ItemGroup>
  <ItemGroup>
    <ClInclude Include="KswordWinAPICore\ksword.h">
      <Filter>头文件</Filter>
    </ClInclude>
    <ClInclude Include="KswordWinAPICore\Environment.h">
      <Filter>头文件</Filter>
    </ClInclude>
    <ClInclude Include="KswordWinAPICore\KLog.h">
      <Filter>头文件</Filter>
    </ClInclude>
    <ClInclude Include="KswordGUI\KswordStyle.h">
      <Filter>头文件</Filter>
    </ClInclude>
    <ClInclude Include="resource.h">
      <Filter>头文件</Filter>
    </ClInclude>
    <ClInclude Include="generated\PayloadResources.h">
      <Filter>头文件</Filter>
    </ClInclude>
  <ClInclude Include="KswordGUI\KDataView.h"><Filter>头文件</Filter></ClInclude><ClInclude Include="KswordGUI\KDock.h"><Filter>头文件</Filter></ClInclude><ClInclude Include="KswordGUI\KIcon.h"><Filter>头文件</Filter></ClInclude><ClInclude Include="KswordGUI\KImage.h"><Filter>头文件</Filter></ClInclude><ClInclude Include="KswordGUI\KLayout.h"><Filter>头文件</Filter></ClInclude><ClInclude Include="KswordGUI\KNavigation.h"><Filter>头文件</Filter></ClInclude><ClInclude Include="KswordGUI\KOverlay.h"><Filter>头文件</Filter></ClInclude><ClInclude Include="KswordGUI\KTheme.h"><Filter>头文件</Filter></ClInclude><ClInclude Include="KswordGUI\KTitleBar.h"><Filter>头文件</Filter></ClInclude><ClInclude Include="KswordGUI\KVisual.h"><Filter>头文件</Filter></ClInclude><ClInclude Include="KswordGUI\KWidgets.h"><Filter>头文件</Filter></ClInclude></ItemGroup>
  <ItemGroup>
    <ResourceCompile Include="KswordSetup.rc">
      <Filter>资源文件</Filter>
    </ResourceCompile>
    <ResourceCompile Include="generated\PayloadResources.rc">
      <Filter>资源文件</Filter>
    </ResourceCompile>
    <Image Include="..\Ksword5.1\Ksword5.1\Resource\Logo\KswordLogo.ico">
      <Filter>资源文件</Filter>
    </Image>
    <Image Include="Resources\app_logo.png">
      <Filter>资源文件</Filter>
    </Image>
    <Image Include="F27364739B6A229C3EA888E3C9DE85F9.png">
      <Filter>资源文件</Filter>
    </Image>
  </ItemGroup>
  <ItemGroup>
    <None Include="scripts\Generate-KswordSetupPayload.ps1">
      <Filter>资源文件</Filter>
    </None>
  </ItemGroup>
</Project>
