<?xml version="1.0" encoding="utf-8"?>
<Project xmlns="http://schemas.microsoft.com/developer/msbuild/2003" ToolsVersion="4.0">
  <ItemGroup>
    <Filter Include="Source Files">
      <UniqueIdentifier>{4FC737F1-C7A5-4376-A066-2A32D752A2FF}</UniqueIdentifier>
      <Extensions>qml;cpp;c;cc;cxx;def;odl;idl;hpj;bat;asm;asmx</Extensions>
    </Filter>
    <Filter Include="Header Files">
      <UniqueIdentifier>{93995380-89BD-4b04-88EB-625FBE52EBFB}</UniqueIdentifier>
      <Extensions>h;hh;hpp;hxx;hm;inl;inc;xsd</Extensions>
    </Filter>
    <Filter Include="Resource Files">
      <UniqueIdentifier>{67DA6AB6-F800-4c08-8B7A-83BB121AAD01}</UniqueIdentifier>
      <Extensions>qrc;rc;ico;cur;bmp;dlg;rc2;rct;bin;rgs;gif;jpg;jpeg;jpe;resx;tiff;tif;png;wav;mfcribbon-ms</Extensions>
    </Filter>
    <Filter Include="Form Files">
      <UniqueIdentifier>{99349809-55BA-4b9d-BF79-8FDBB0286EB3}</UniqueIdentifier>
      <Extensions>ui</Extensions>
    </Filter>
    <Filter Include="Translation Files">
      <UniqueIdentifier>{639EADAA-A684-42e4-A9AD-28FC9BCB8F7C}</UniqueIdentifier>
      <Extensions>ts</Extensions>
    </Filter>
    <Filter Include="Source Files\NewFilter1">
      <UniqueIdentifier>{bc5f3e62-aac4-4ec6-94a8-3b5dc6d07a02}</UniqueIdentifier>
    </Filter>
    <Filter Include="Source Files\ArkDriverClient">
      <UniqueIdentifier>{00000000-0000-0000-0000-000000000000}</UniqueIdentifier>
    </Filter>
    <Filter Include="Header Files\ArkDriverClient">
      <UniqueIdentifier>{00000000-0000-0000-0000-000000000000}</UniqueIdentifier>
    </Filter>
  </ItemGroup>
  <ItemGroup>
    <ResourceCompile Include="AppIcon.rc">
      <Filter>Resource Files</Filter>
    </ResourceCompile>
    <QtRcc Include="Ksword5.qrc">
      <Filter>Resource Files</Filter>
    </QtRcc>
    <QtUic Include="Ksword5.ui">
      <Filter>Form Files</Filter>
    </QtUic>
    <QtMoc Include="Ksword5.h">
      <Filter>Header Files</Filter>
    </QtMoc>
  </ItemGroup>
  <ItemGroup>
    <ClCompile Include="main.cpp">
      <Filter>Source Files</Filter>
    </ClCompile>
    <ClCompile Include="MainWindow.cpp">
      <Filter>Source Files</Filter>
    </ClCompile>
    <ClCompile Include="MiscDock\BootEditor\BootEditorTab.Actions.cpp">
      <Filter>Source Files</Filter>
    </ClCompile>
    <ClCompile Include="MiscDock\DiskEditor\DiskEditorBackend.cpp">
      <Filter>Source Files</Filter>
    </ClCompile>
    <ClCompile Include="MiscDock\DiskEditor\DiskRangeTools.cpp">
      <Filter>Source Files</Filter>
    </ClCompile>
    <ClCompile Include="MiscDock\DiskEditor\DiskStructureParser.cpp">
      <Filter>Source Files</Filter>
    </ClCompile>
    <ClCompile Include="MiscDock\DiskEditor\DiskEditorTab.cpp">
      <Filter>Source Files</Filter>
    </ClCompile>
    <ClCompile Include="MiscDock\DiskEditor\DiskMapWidget.cpp">
      <Filter>Source Files</Filter>
    </ClCompile>
    <ClCompile Include="DriverDock\DriverDock.cpp">
      <Filter>Source Files</Filter>
    </ClCompile>
    <ClCompile Include="DriverDock\DriverDock.Ui.cpp">
      <Filter>Source Files</Filter>
    </ClCompile>
    <ClCompile Include="DriverDock\DriverDock.Operation.cpp">
      <Filter>Source Files</Filter>
    </ClCompile>
    <ClCompile Include="DriverDock\DriverDock.DebugAndUtils.cpp">
      <Filter>Source Files</Filter>
    </ClCompile>
    <ClCompile Include="FileDock\FileDock.cpp">
      <Filter>Source Files</Filter>
    </ClCompile>
    <ClCompile Include="FileDock\FileDock.HandleUsage.cpp">
      <Filter>Source Files</Filter>
    </ClCompile>
    <ClCompile Include="FileDock\FileHandleUsageScanner.cpp">
      <Filter>Source Files</Filter>
    </ClCompile>
    <ClCompile Include="FileDock\FileHandleUsageWindow.cpp">
      <Filter>Source Files</Filter>
    </ClCompile>
    <ClCompile Include="FileDock\FileMappedProcessWindow.cpp">
      <Filter>Source Files</Filter>
    </ClCompile>
    <ClCompile Include="FileDock\FilePropertyPeAnalyzer.cpp">
      <Filter>Source Files</Filter>
    </ClCompile>
    <ClCompile Include="FileDock\FilePropertyPeAnalyzer.Directories.cpp">
      <Filter>Source Files</Filter>
    </ClCompile>
    <ClCompile Include="FileDock\FilePropertyPeAnalyzer.Tables.cpp">
      <Filter>Source Files</Filter>
    </ClCompile>
    <ClCompile Include="FileDock\ManualFileSystemParser.cpp">
      <Filter>Source Files</Filter>
    </ClCompile>
    <ClCompile Include="KernelDock\KernelDock.cpp">
      <Filter>Source Files</Filter>
    </ClCompile>
    <ClCompile Include="KernelDock\KernelDock.CallbackIntercept.cpp">
      <Filter>Source Files</Filter>
    </ClCompile>
    <ClCompile Include="KernelDock\KernelDock.CallbackPromptManager.cpp">
      <Filter>Source Files</Filter>
    </ClCompile>
    <ClCompile Include="KernelDock\KernelDock.CallbackRuleSerializer.cpp">
      <Filter>Source Files</Filter>
    </ClCompile>
    <ClCompile Include="KernelDock\KernelDock.CallbackRuleValidator.cpp">
      <Filter>Source Files</Filter>
    </ClCompile>
    <ClCompile Include="KernelDock\KernelDock.CallbackEnum.cpp">
      <Filter>Source Files</Filter>
    </ClCompile>
    <ClCompile Include="KernelDock\KernelDock.CallbackRemove.cpp">
      <Filter>Source Files</Filter>
    </ClCompile>
    <ClCompile Include="KernelDock\KernelDock.ContextMenu.cpp">
      <Filter>Source Files</Filter>
    </ClCompile>
    <ClCompile Include="KernelDock\KernelDock.DynData.cpp">
      <Filter>Source Files</Filter>
    </ClCompile>
    <ClCompile Include="KernelDock\KernelDock.KernelHooks.cpp">
      <Filter>Source Files</Filter>
    </ClCompile>
    <ClCompile Include="KernelDock\KernelDock.Runtime.cpp">
      <Filter>Source Files</Filter>
    </ClCompile>
    <ClCompile Include="KernelDock\KernelDock.Ssdt.cpp">
      <Filter>Source Files</Filter>
    </ClCompile>
    <ClCompile Include="KernelDock\KernelDockAtomWorker.cpp">
      <Filter>Source Files</Filter>
    </ClCompile>
    <ClCompile Include="KernelDock\KernelDockObjectNamespaceWorker.cpp">
      <Filter>Source Files</Filter>
    </ClCompile>
    <ClCompile Include="KernelDock\KernelDockQueryWorker.cpp">
      <Filter>Source Files</Filter>
    </ClCompile>
    <ClCompile Include="KernelDock\KernelDockSsdtWorker.cpp">
      <Filter>Source Files</Filter>
    </ClCompile>
    <ClCompile Include="MemoryDock\MemoryDock.cpp">
      <Filter>Source Files</Filter>
    </ClCompile>
    <ClCompile Include="MemoryDock\MemoryDock.DriverMemoryRw.cpp">
      <Filter>Source Files</Filter>
    </ClCompile>
    <ClCompile Include="MemoryDock\MemoryDock.UiBuild.cpp">
      <Filter>Source Files</Filter>
    </ClCompile>
    <ClCompile Include="MemoryDock\MemoryDock.UiWireAndStatus.cpp">
      <Filter>Source Files</Filter>
    </ClCompile>
    <ClCompile Include="MemoryDock\MemoryDock.ProcessRegion.cpp">
      <Filter>Source Files</Filter>
    </ClCompile>
    <ClCompile Include="MemoryDock\MemoryDock.SearchParseAndFilter.cpp">
      <Filter>Source Files</Filter>
    </ClCompile>
    <ClCompile Include="MemoryDock\MemoryDock.SearchFlow.cpp">
      <Filter>Source Files</Filter>
    </ClCompile>
    <ClCompile Include="MemoryDock\MemoryDock.ViewBreakpointUtil.cpp">
      <Filter>Source Files</Filter>
    </ClCompile>
    <ClCompile Include="MiscDock\BootEditor\BootEditorTab.cpp">
      <Filter>Source Files</Filter>
    </ClCompile>
    <ClCompile Include="MiscDock\MiscDock.cpp">
      <Filter>Source Files</Filter>
    </ClCompile>
    <ClCompile Include="MonitorDock\MonitorDock.cpp">
      <Filter>Source Files</Filter>
    </ClCompile>
    <ClCompile Include="MonitorDock\DirectKernelCallMonitorWidget.cpp">
      <Filter>Source Files</Filter>
    </ClCompile>
    <ClCompile Include="MonitorDock\MonitorPanelWidget.cpp">
      <Filter>Source Files</Filter>
    </ClCompile>
    <ClCompile Include="MonitorDock\MonitorTextViewer.cpp">
      <Filter>Source Files</Filter>
    </ClCompile>
    <ClCompile Include="MonitorDock\ProcessTraceMonitorWidget.cpp">
      <Filter>Source Files</Filter>
    </ClCompile>
    <ClCompile Include="MonitorDock\ProcessTraceMonitorWidget.Ui.cpp">
      <Filter>Source Files</Filter>
    </ClCompile>
    <ClCompile Include="MonitorDock\ProcessTraceMonitorWidget.Actions.cpp">
      <Filter>Source Files</Filter>
    </ClCompile>
    <ClCompile Include="MonitorDock\ProcessTraceMonitorWidget.Capture.cpp">
      <Filter>Source Files</Filter>
    </ClCompile>
    <ClCompile Include="MonitorDock\ProcessTraceMonitorWidget.Export.cpp">
      <Filter>Source Files</Filter>
    </ClCompile>
    <ClCompile Include="MonitorDock\ProcessTraceMonitorWidget.Runtime.cpp">
      <Filter>Source Files</Filter>
    </ClCompile>
    <ClCompile Include="MonitorDock\ProcessTraceTimelineWidget.cpp">
      <Filter>Source Files</Filter>
    </ClCompile>
    <ClCompile Include="MonitorDock\WinAPIDock.cpp">
      <Filter>Source Files</Filter>
    </ClCompile>
    <ClCompile Include="MonitorDock\WinAPIDock.Actions.cpp">
      <Filter>Source Files</Filter>
    </ClCompile>
    <ClCompile Include="MonitorDock\WinAPIDock.Pipe.cpp">
      <Filter>Source Files</Filter>
    </ClCompile>
    <ClCompile Include="MonitorDock\WinAPIDock.Ui.cpp">
      <Filter>Source Files</Filter>
    </ClCompile>
    <ClCompile Include="NetworkDock\NetworkDock.cpp">
      <Filter>Source Files</Filter>
    </ClCompile>
    <ClCompile Include="NetworkDock\NetworkDock.UiBuild.cpp">
      <Filter>Source Files</Filter>
    </ClCompile>
    <ClCompile Include="NetworkDock\NetworkDock.UiConnections.cpp">
      <Filter>Source Files</Filter>
    </ClCompile>
    <ClCompile Include="NetworkDock\NetworkDock.MonitorPipeline.cpp">
      <Filter>Source Files</Filter>
    </ClCompile>
    <ClCompile Include="NetworkDock\NetworkDock.FilterAndProcessActions.cpp">
      <Filter>Source Files</Filter>
    </ClCompile>
    <ClCompile Include="NetworkDock\NetworkDock.RateLimit.cpp">
      <Filter>Source Files</Filter>
    </ClCompile>
    <ClCompile Include="NetworkDock\NetworkDock.ConnectionManage.cpp">
      <Filter>Source Files</Filter>
    </ClCompile>
    <ClCompile Include="NetworkDock\NetworkDock.ManualRequest.cpp">
      <Filter>Source Files</Filter>
    </ClCompile>
    <ClCompile Include="NetworkDock\NetworkDock.MultiThreadDownload.cpp">
      <Filter>Source Files</Filter>
    </ClCompile>
    <ClCompile Include="NetworkDock\NetworkDock.MultiThreadDownload.Clipboard.cpp">
      <Filter>Source Files</Filter>
    </ClCompile>
    <ClCompile Include="NetworkDock\NetworkDock.HttpsAnalyze.cpp">
      <Filter>Source Files</Filter>
    </ClCompile>
    <ClCompile Include="NetworkDock\NetworkDock.NetworkDiagnostics.cpp">
      <Filter>Source Files</Filter>
    </ClCompile>
    <ClCompile Include="NetworkDock\NetworkDock.DetailAndUtils.cpp">
      <Filter>Source Files</Filter>
    </ClCompile>
    <ClCompile Include="NetworkDock\NetworkDock.InternalHelpers.cpp">
      <Filter>Source Files</Filter>
    </ClCompile>
    <ClCompile Include="NetworkDock\HttpsProxyService.cpp">
      <Filter>Source Files</Filter>
    </ClCompile>
    <ClCompile Include="OtherDock\OtherDock.DesktopCreate.cpp">
      <Filter>Source Files</Filter>
    </ClCompile>
    <ClCompile Include="OtherDock\OtherDock.Desktop.cpp">
      <Filter>Source Files</Filter>
    </ClCompile>
    <ClCompile Include="OtherDock\OtherDock.DesktopSwitch.cpp">
      <Filter>Source Files</Filter>
    </ClCompile>
    <ClCompile Include="OtherDock\OtherDock.cpp">
      <Filter>Source Files</Filter>
    </ClCompile>
    <ClCompile Include="PrivilegeDock\PrivilegeDock.cpp">
      <Filter>Source Files</Filter>
    </ClCompile>
    <ClCompile Include="ProcessDock\ProcessDetailWindow.cpp">
      <Filter>Source Files</Filter>
    </ClCompile>
    <ClCompile Include="ProcessDock\ProcessDetailWindow.BaseAndUi.cpp">
      <Filter>Source Files</Filter>
    </ClCompile>
    <ClCompile Include="ProcessDock\ProcessDetailWindow.Module.cpp">
      <Filter>Source Files</Filter>
    </ClCompile>
    <ClCompile Include="ProcessDock\ProcessDetailWindow.ActionAndUtil.cpp">
      <Filter>Source Files</Filter>
    </ClCompile>
    <ClCompile Include="ProcessDock\ProcessDetailWindow.AdvancedInfo.cpp">
      <Filter>Source Files</Filter>
    </ClCompile>
    <ClCompile Include="ProcessDock\ProcessDock.cpp">
      <Filter>Source Files</Filter>
    </ClCompile>
    <ClCompile Include="ProcessDock\ProcessDock.ThreadTab.cpp">
      <Filter>Source Files</Filter>
    </ClCompile>
    <ClCompile Include="ProcessDock\ThreadStackWindow.cpp">
      <Filter>Source Files</Filter>
    </ClCompile>
    <ClCompile Include="SettingsDock\SettingsDock.cpp">
      <Filter>Source Files</Filter>
    </ClCompile>
    <ClCompile Include="WelcomeDock\WelcomeDock.cpp">
      <Filter>Source Files</Filter>
    </ClCompile>
    <ClCompile Include="ProcessDock\Process_Tool.cpp">
      <Filter>Source Files</Filter>
    </ClCompile>
    <ClCompile Include="SettingsDock\AppearanceSettings.cpp">
      <Filter>Source Files</Filter>
    </ClCompile>
    <ClCompile Include="ServerDock\ServiceDock.cpp">
      <Filter>Source Files</Filter>
    </ClCompile>
    <ClCompile Include="ServerDock\ServiceDock.Actions.cpp">
      <Filter>Source Files</Filter>
    </ClCompile>
    <ClCompile Include="ServerDock\ServiceDock.Advanced.cpp">
      <Filter>Source Files</Filter>
    </ClCompile>
    <ClCompile Include="ServerDock\ServiceDock.Enumerate.cpp">
      <Filter>Source Files</Filter>
    </ClCompile>
    <ClCompile Include="ServerDock\ServiceDock.Helpers.cpp">
      <Filter>Source Files</Filter>
    </ClCompile>
    <ClCompile Include="ServerDock\ServiceDock.Properties.Apply.cpp">
      <Filter>Source Files</Filter>
    </ClCompile>
    <ClCompile Include="ServerDock\ServiceDock.Properties.cpp">
      <Filter>Source Files</Filter>
    </ClCompile>
    <ClCompile Include="ServerDock\ServiceDock.Ui.cpp">
      <Filter>Source Files</Filter>
    </ClCompile>
    <ClCompile Include="StartupDock\StartupDock.cpp">
      <Filter>Source Files</Filter>
    </ClCompile>
    <ClCompile Include="StartupDock\StartupDock.Detail.cpp">
      <Filter>Source Files</Filter>
    </ClCompile>
    <ClCompile Include="StartupDock\StartupDock.Ui.cpp">
      <Filter>Source Files</Filter>
    </ClCompile>
    <ClCompile Include="StartupDock\StartupDock.Winsock.cpp">
      <Filter>Source Files</Filter>
    </ClCompile>
    <ClCompile Include="StartupDock\StartupDock.Wmi.cpp">
      <Filter>Source Files</Filter>
    </ClCompile>
    <ClCompile Include="StartupDock\StartupDock.Actions.cpp">
      <Filter>Source Files</Filter>
    </ClCompile>
    <ClCompile Include="StartupDock\StartupDock.Helpers.cpp">
      <Filter>Source Files</Filter>
    </ClCompile>
    <ClCompile Include="StartupDock\StartupDock.RegistryCatalog.cpp">
      <Filter>Source Files</Filter>
    </ClCompile>
    <ClCompile Include="StartupDock\StartupDock.Registry.cpp">
      <Filter>Source Files</Filter>
    </ClCompile>
    <ClCompile Include="StartupDock\StartupDock.Services.cpp">
      <Filter>Source Files</Filter>
    </ClCompile>
    <ClCompile Include="StartupDock\StartupDock.Tasks.cpp">
      <Filter>Source Files</Filter>
    </ClCompile>
    <ClCompile Include="UI\UIBaseFunction.cpp">
      <Filter>Source Files</Filter>
    </ClCompile>
    <ClCompile Include="UI\HexEditorWidget.cpp">
      <Filter>Source Files</Filter>
    </ClCompile>
    <ClCompile Include="UI\HexEditorWidget.Selection.cpp">
      <Filter>Source Files</Filter>
    </ClCompile>
    <ClCompile Include="UI\HexEditorWidget.Ui.cpp">
      <Filter>Source Files</Filter>
    </ClCompile>
    <ClCompile Include="UI\HexEditorWidget.Tools.cpp">
      <Filter>Source Files</Filter>
    </ClCompile>
    <ClCompile Include="UI\CodeEditorWidget.cpp">
      <Filter>Source Files</Filter>
    </ClCompile>
    <ClCompile Include="UI\GlobalDialogTheme.cpp">
      <Filter>Source Files</Filter>
    </ClCompile>
    <ClCompile Include="UI\PerformanceNavCard.cpp">
      <Filter>Source Files</Filter>
    </ClCompile>
    <ClCompile Include="UI\ThemedMessageBox.cpp">
      <Filter>Source Files</Filter>
    </ClCompile>
    <ClCompile Include="Framework\Log.cpp">
      <Filter>Source Files</Filter>
    </ClCompile>
    <ClCompile Include="Framework\LogDockWidget.cpp">
      <Filter>Source Files</Filter>
    </ClCompile>
    <ClCompile Include="Framework\Progress.cpp">
      <Filter>Source Files</Filter>
    </ClCompile>
    <ClCompile Include="Framework\ProgressDockWidget.cpp">
      <Filter>Source Files</Filter>
    </ClCompile>
    <ClCompile Include="Framework\CustomTitleBar.cpp">
      <Filter>Source Files</Filter>
    </ClCompile>
    <ClCompile Include="Framework\StartupSplash.cpp">
      <Filter>Source Files</Filter>
    </ClCompile>
    <ClCompile Include="ksword\process\process.cpp">
      <Filter>Source Files</Filter>
    </ClCompile>
    <ClCompile Include="ksword\string\string.cpp">
      <Filter>Source Files</Filter>
    </ClCompile>
    <ClCompile Include="RegistryDock_Themed.cpp">
      <Filter>Source Files</Filter>
    </ClCompile>
    <ClCompile Include="HardwareDock\HardwareDock.cpp">
      <Filter>Source Files</Filter>
    </ClCompile>
    <ClCompile Include="WindowDock\WindowDock.cpp">
      <Filter>Source Files</Filter>
    </ClCompile>
    <ClCompile Include="句柄\HandleDock.cpp">
      <Filter>Source Files</Filter>
    </ClCompile>
    <ClCompile Include="句柄\HandleDock.Actions.cpp">
      <Filter>Source Files</Filter>
    </ClCompile>
    <ClCompile Include="句柄\HandleDock.Detail.cpp">
      <Filter>Source Files</Filter>
    </ClCompile>
    <ClCompile Include="句柄\HandleDock.DetailNative.cpp">
      <Filter>Source Files</Filter>
    </ClCompile>
    <ClCompile Include="句柄\HandleDock.Filter.cpp">
      <Filter>Source Files</Filter>
    </ClCompile>
    <ClCompile Include="句柄\HandleDock.Icon.cpp">
      <Filter>Source Files</Filter>
    </ClCompile>
    <ClCompile Include="句柄\HandleDock.Native.cpp">
      <Filter>Source Files</Filter>
    </ClCompile>
    <ClCompile Include="句柄\HandleObjectTypeWorker.cpp">
      <Filter>Source Files</Filter>
    </ClCompile>
    <ClCompile Include="KernelDock\KernelDock.DriverStatus.cpp">
      <Filter>Source Files</Filter>
    </ClCompile>
    <ClCompile Include="ArkDriverClient\ArkDriverClient.cpp">
      <Filter>Source Files\ArkDriverClient</Filter>
    </ClCompile>
    <ClCompile Include="ArkDriverClient\ArkDriverError.cpp">
      <Filter>Source Files\ArkDriverClient</Filter>
    </ClCompile>
    <ClCompile Include="ArkDriverClient\ArkDriverCapability.cpp">
      <Filter>Source Files\ArkDriverClient</Filter>
    </ClCompile>
    <ClCompile Include="ArkDriverClient\ArkDriverDynData.cpp">
      <Filter>Source Files\ArkDriverClient</Filter>
    </ClCompile>
    <ClCompile Include="ArkDriverClient\ArkDriverCapabilities.cpp">
      <Filter>Source Files\ArkDriverClient</Filter>
    </ClCompile>
    <ClCompile Include="ArkDriverClient\ArkDriverProcess.cpp">
      <Filter>Source Files\ArkDriverClient</Filter>
    </ClCompile>
    <ClCompile Include="ArkDriverClient\ArkDriverHandle.cpp">
      <Filter>Source Files\ArkDriverClient</Filter>
    </ClCompile>
    <ClCompile Include="ArkDriverClient\ArkDriverAlpc.cpp">
      <Filter>Source Files\ArkDriverClient</Filter>
    </ClCompile>
    <ClCompile Include="ArkDriverClient\ArkDriverSection.cpp">
      <Filter>Source Files\ArkDriverClient</Filter>
    </ClCompile>
    <ClCompile Include="ArkDriverClient\ArkDriverMemory.cpp">
      <Filter>Source Files\ArkDriverClient</Filter>
    </ClCompile>
    <ClCompile Include="ArkDriverClient\ArkDriverFile.cpp">
      <Filter>Source Files\ArkDriverClient</Filter>
    </ClCompile>
    <ClCompile Include="ArkDriverClient\ArkDriverRegistry.cpp">
      <Filter>Source Files\ArkDriverClient</Filter>
    </ClCompile>
    <ClCompile Include="ArkDriverClient\ArkDriverKernel.cpp">
      <Filter>Source Files\ArkDriverClient</Filter>
    </ClCompile>
    <ClCompile Include="ArkDriverClient\ArkDriverCallback.cpp">
      <Filter>Source Files\ArkDriverClient</Filter>
    </ClCompile>
    <ClCompile Include="HardwareDock\MemoryCompositionHistoryWidget.cpp">
      <Filter>Source Files</Filter>
    </ClCompile>
    <ClCompile Include="HardwareDock\DiskMonitorPage.cpp">
      <Filter>Source Files</Filter>
    </ClCompile>
    <ClCompile Include="HardwareDock\HardwareOtherDevicesPage.cpp">
      <Filter>Source Files</Filter>
    </ClCompile>
  </ItemGroup>
  <ItemGroup>
    <QtMoc Include="Ksword5.cpp">
      <Filter>Source Files</Filter>
    </QtMoc>
    <QtMoc Include="MainWindow.h">
      <Filter>Header Files</Filter>
    </QtMoc>
    <QtMoc Include="Framework\CustomTitleBar.h">
      <Filter>Header Files</Filter>
    </QtMoc>
    <QtMoc Include="DriverDock\DriverDock.h">
      <Filter>Header Files</Filter>
    </QtMoc>
    <ClInclude Include="DriverDock\DriverDock.Internal.h">
      <Filter>Header Files</Filter>
    </ClInclude>
    <QtMoc Include="FileDock\FileDock.h">
      <Filter>Header Files</Filter>
    </QtMoc>
    <QtMoc Include="KernelDock\KernelDock.h">
      <Filter>Header Files</Filter>
    </QtMoc>
    <QtMoc Include="KernelDock\KernelDock.CallbackPromptManager.h">
      <Filter>Header Files</Filter>
    </QtMoc>
    <QtMoc Include="MemoryDock\MemoryDock.h">
      <Filter>Header Files</Filter>
    </QtMoc>
    <ClInclude Include="MemoryDock\MemoryDock.Internal.h">
      <Filter>Header Files</Filter>
    </ClInclude>
    <QtMoc Include="MiscDock\BootEditor\BootEditorTab.h">
      <Filter>Header Files</Filter>
    </QtMoc>
    <ClInclude Include="MiscDock\DiskEditor\DiskAdvancedModels.h">
      <Filter>Header Files</Filter>
    </ClInclude>
    <ClInclude Include="MiscDock\DiskEditor\DiskEditorBackend.h">
      <Filter>Header Files</Filter>
    </ClInclude>
    <ClInclude Include="MiscDock\DiskEditor\DiskEditorModels.h">
      <Filter>Header Files</Filter>
    </ClInclude>
    <ClInclude Include="MiscDock\DiskEditor\DiskRangeTools.h">
      <Filter>Header Files</Filter>
    </ClInclude>
    <ClInclude Include="MiscDock\DiskEditor\DiskStructureParser.h">
      <Filter>Header Files</Filter>
    </ClInclude>
    <ClInclude Include="MiscDock\DiskEditor\DiskEditorTab.h">
      <Filter>Header Files</Filter>
    </ClInclude>
    <QtMoc Include="MiscDock\DiskEditor\DiskMapWidget.h">
      <Filter>Header Files</Filter>
    </QtMoc>
    <QtMoc Include="MiscDock\MiscDock.h">
      <Filter>Header Files</Filter>
    </QtMoc>
    <QtMoc Include="MonitorDock\MonitorDock.h">
      <Filter>Header Files</Filter>
    </QtMoc>
    <QtMoc Include="NetworkDock\NetworkDock.h">
      <Filter>Header Files</Filter>
    </QtMoc>
    <QtMoc Include="OtherDock\OtherDock.h">
      <Filter>Header Files</Filter>
    </QtMoc>
    <QtMoc Include="PrivilegeDock\PrivilegeDock.h">
      <Filter>Header Files</Filter>
    </QtMoc>
    <QtMoc Include="RegistryDock\RegistryDock.h">
      <Filter>Header Files</Filter>
    </QtMoc>
    <QtMoc Include="ProcessDock\ProcessDetailWindow.h">
      <Filter>Header Files</Filter>
    </QtMoc>
    <ClInclude Include="ProcessDock\ProcessDetailWindow.InternalCommon.h">
      <Filter>Header Files</Filter>
    </ClInclude>
    <ClInclude Include="ProcessDock\ThreadStackWindow.h">
      <Filter>Header Files</Filter>
    </ClInclude>
    <QtMoc Include="ProcessDock\ProcessDock.h">
      <Filter>Header Files</Filter>
    </QtMoc>
    <QtMoc Include="SettingsDock\SettingsDock.h">
      <Filter>Header Files</Filter>
    </QtMoc>
    <QtMoc Include="ServerDock\ServiceDock.h">
      <Filter>Header Files</Filter>
    </QtMoc>
    <QtMoc Include="StartupDock\StartupDock.h">
      <Filter>Header Files</Filter>
    </QtMoc>
    <QtMoc Include="UI\HexEditorWidget.h">
      <Filter>Header Files</Filter>
    </QtMoc>
    <ClInclude Include="UI\HexEditorWidget.Internal.h">
      <Filter>Header Files</Filter>
    </ClInclude>
    <QtMoc Include="UI\CodeEditorWidget.h">
      <Filter>Header Files</Filter>
    </QtMoc>
    <QtMoc Include="WelcomeDock\WelcomeDock.h">
      <Filter>Header Files</Filter>
    </QtMoc>
    <QtMoc Include="HardwareDock\HardwareDock.h">
      <Filter>Header Files</Filter>
    </QtMoc>
    <QtMoc Include="HardwareDock\DiskMonitorPage.h">
      <Filter>Header Files</Filter>
    </QtMoc>
    <QtMoc Include="HardwareDock\HardwareOtherDevicesPage.h">
      <Filter>Header Files</Filter>
    </QtMoc>
    <QtMoc Include="句柄\HandleDock.h">
      <Filter>Header Files</Filter>
    </QtMoc>
    <ClInclude Include="句柄\HandleObjectTypeWorker.h">
      <Filter>Header Files</Filter>
    </ClInclude>
    <ClInclude Include="ArkDriverClient\ArkDriverClient.h">
      <Filter>Header Files\ArkDriverClient</Filter>
    </ClInclude>
    <ClInclude Include="ArkDriverClient\ArkDriverTypes.h">
      <Filter>Header Files\ArkDriverClient</Filter>
    </ClInclude>
    <ClInclude Include="ArkDriverClient\ArkDriverError.h">
      <Filter>Header Files\ArkDriverClient</Filter>
    </ClInclude>
    <ClInclude Include="ArkDriverClient\ArkDriverCapabilities.h">
      <Filter>Header Files\ArkDriverClient</Filter>
    </ClInclude>
  </ItemGroup>
  <ItemGroup>
    <ClInclude Include="UI\UI.css\UI_css.h">
      <Filter>Header Files</Filter>
    </ClInclude>
    <ClInclude Include="UI\UI_All.h">
      <Filter>Header Files</Filter>
    </ClInclude>
    <ClInclude Include="ProcessDock\Process_Tool.h">
      <Filter>Header Files</Filter>
    </ClInclude>
    <ClInclude Include="Framework.h">
      <Filter>Header Files</Filter>
    </ClInclude>
    <ClInclude Include="Framework\LogDockWidget.h">
      <Filter>Header Files</Filter>
    </ClInclude>
    <ClInclude Include="Framework\ProgressDockWidget.h">
      <Filter>Header Files</Filter>
    </ClInclude>
    <ClInclude Include="Framework\StartupSplash.h">
      <Filter>Header Files</Filter>
    </ClInclude>
    <ClInclude Include="KernelDock\KernelDockQueryWorker.h">
      <Filter>Header Files</Filter>
    </ClInclude>
    <ClInclude Include="KernelDock\KernelDock.CallbackIntercept.h">
      <Filter>Header Files</Filter>
    </ClInclude>
    <ClInclude Include="KernelDock\KernelDockAtomWorker.h">
      <Filter>Header Files</Filter>
    </ClInclude>
    <ClInclude Include="KernelDock\KernelDockObjectNamespaceWorker.h">
      <Filter>Header Files</Filter>
    </ClInclude>
    <ClInclude Include="KernelDock\KernelDockSsdtWorker.h">
      <Filter>Header Files</Filter>
    </ClInclude>
    <ClInclude Include="Ksword.h">
      <Filter>Header Files</Filter>
    </ClInclude>
    <ClInclude Include="ksword\ksword.h">
      <Filter>Header Files</Filter>
    </ClInclude>
    <ClInclude Include="ksword\process\process.h">
      <Filter>Header Files</Filter>
    </ClInclude>
    <ClInclude Include="ksword\string\string.h">
      <Filter>Header Files</Filter>
    </ClInclude>
    <ClInclude Include="theme.h">
      <Filter>Header Files</Filter>
    </ClInclude>
    <ClInclude Include="FileDock\ManualFileSystemParser.h">
      <Filter>Header Files</Filter>
    </ClInclude>
    <ClInclude Include="FileDock\FileHandleUsageScanner.h">
      <Filter>Header Files</Filter>
    </ClInclude>
    <ClInclude Include="FileDock\FileHandleUsageWindow.h">
      <Filter>Header Files</Filter>
    </ClInclude>
    <ClInclude Include="FileDock\FileMappedProcessWindow.h">
      <Filter>Header Files</Filter>
    </ClInclude>
    <ClInclude Include="FileDock\FilePropertyPeAnalyzer.h">
      <Filter>Header Files</Filter>
    </ClInclude>
    <ClInclude Include="FileDock\FilePropertyPeAnalyzer.Internal.h">
      <Filter>Header Files</Filter>
    </ClInclude>
    <ClInclude Include="WindowDock\WindowDock.h">
      <Filter>Header Files</Filter>
    </ClInclude>
    <ClInclude Include="SettingsDock\AppearanceSettings.h">
      <Filter>Header Files</Filter>
    </ClInclude>
    <ClInclude Include="ServerDock\ServiceDock.Internal.h">
      <Filter>Header Files</Filter>
    </ClInclude>
    <ClInclude Include="StartupDock\StartupDock.Internal.h">
      <Filter>Header Files</Filter>
    </ClInclude>
    <ClInclude Include="MonitorDock\DirectKernelCallMonitorWidget.h">
      <Filter>Header Files</Filter>
    </ClInclude>
    <ClInclude Include="MonitorDock\MonitorPanelWidget.h">
      <Filter>Header Files</Filter>
    </ClInclude>
    <ClInclude Include="MonitorDock\MonitorTextViewer.h">
      <Filter>Header Files</Filter>
    </ClInclude>
    <ClInclude Include="MonitorDock\ProcessTraceMonitorWidget.h">
      <Filter>Header Files</Filter>
    </ClInclude>
    <ClInclude Include="MonitorDock\ProcessTraceTimelineWidget.h">
      <Filter>Header Files</Filter>
    </ClInclude>
    <ClInclude Include="MonitorDock\WinAPIDock.h">
      <Filter>Header Files</Filter>
    </ClInclude>
    <ClInclude Include="MonitorDock\WinApiMonitorProtocol.h">
      <Filter>Header Files</Filter>
    </ClInclude>
    <ClInclude Include="NetworkDock\NetworkDock.InternalCommon.h">
      <Filter>Header Files</Filter>
    </ClInclude>
    <ClInclude Include="NetworkDock\NetworkDock.InternalHelpers.h">
      <Filter>Header Files</Filter>
    </ClInclude>
    <ClInclude Include="NetworkDock\HttpsProxyService.h">
      <Filter>Header Files</Filter>
    </ClInclude>
    <ClInclude Include="UI\PerformanceNavCard.h">
      <Filter>Header Files</Filter>
    </ClInclude>
    <ClInclude Include="UI\GlobalDialogTheme.h">
      <Filter>Header Files</Filter>
    </ClInclude>
    <ClInclude Include="UI\ThemedMessageBox.h">
      <Filter>Header Files</Filter>
    </ClInclude>
    <ClInclude Include="HardwareDock\MemoryCompositionHistoryWidget.h">
      <Filter>Header Files</Filter>
    </ClInclude>
  </ItemGroup>
  <ItemGroup>
    <None Include="qtvars.pro" />
  </ItemGroup>
  <ItemGroup>
    <QtUic Include="WelcomeDock\Welcome.ui">
      <Filter>Form Files</Filter>
    </QtUic>
  </ItemGroup>
</Project>
