<?xml version="1.0" encoding="utf-8"?>
<Project ToolsVersion="4.0" xmlns="http://schemas.microsoft.com/developer/msbuild/2003">
  <ItemGroup>
    <Filter Include="Source Files">
      <UniqueIdentifier>{4FC737F1-C7A5-4376-A066-2A32D752A2FF}</UniqueIdentifier>
      <Extensions>qml;cpp;c;cc;cxx;def;odl;idl;hpj;bat;asm;asmx</Extensions>
    </Filter>
    <Filter Include="Header Files">
      <UniqueIdentifier>{93995380-89BD-4b04-88EB-625FBE52EBFB}</UniqueIdentifier>
      <Extensions>h;hh;hpp;hxx;hm;inl;inc;xsd</Extensions>
    </Filter>
    <Filter Include="Resource Files">
      <UniqueIdentifier>{67DA6AB6-F800-4c08-8B7A-83BB121AAD01}</UniqueIdentifier>
      <Extensions>qrc;rc;ico;cur;bmp;dlg;rc2;rct;bin;rgs;gif;jpg;jpeg;jpe;resx;tiff;tif;png;wav;mfcribbon-ms</Extensions>
    </Filter>
    <Filter Include="Form Files">
      <UniqueIdentifier>{99349809-55BA-4b9d-BF79-8FDBB0286EB3}</UniqueIdentifier>
      <Extensions>ui</Extensions>
    </Filter>
    <Filter Include="Translation Files">
      <UniqueIdentifier>{639EADAA-A684-42e4-A9AD-28FC9BCB8F7C}</UniqueIdentifier>
      <Extensions>ts</Extensions>
    </Filter>
    <Filter Include="Source Files\NewFilter1">
      <UniqueIdentifier>{bc5f3e62-aac4-4ec6-94a8-3b5dc6d07a02}</UniqueIdentifier>
    </Filter>
  </ItemGroup>
  <ItemGroup>
    <QtRcc Include="Ksword5.qrc">
      <Filter>Resource Files</Filter>
    </QtRcc>
    <QtUic Include="Ksword5.ui">
      <Filter>Form Files</Filter>
    </QtUic>
    <QtMoc Include="Ksword5.h">
      <Filter>Header Files</Filter>
    </QtMoc>
  </ItemGroup>
  <ItemGroup>
    <ClCompile Include="main.cpp">
      <Filter>Source Files</Filter>
    </ClCompile>
    <ClCompile Include="MainWindow.cpp">
      <Filter>Source Files</Filter>
    </ClCompile>
    <ClCompile Include="DriverDock\DriverDock.cpp">
      <Filter>Source Files</Filter>
    </ClCompile>
    <ClCompile Include="FileDock\FileDock.cpp">
      <Filter>Source Files</Filter>
    </ClCompile>
    <ClCompile Include="KernelDock\KernelDock.cpp">
      <Filter>Source Files</Filter>
    </ClCompile>
    <ClCompile Include="MemoryDock\MemoryDock.cpp">
      <Filter>Source Files</Filter>
    </ClCompile>
    <ClCompile Include="MonitorDock\MonitorDock.cpp">
      <Filter>Source Files</Filter>
    </ClCompile>
    <ClCompile Include="NetworkDock\NetworkDock.cpp">
      <Filter>Source Files</Filter>
    </ClCompile>
    <ClCompile Include="OtherDock\OtherDock.cpp">
      <Filter>Source Files</Filter>
    </ClCompile>
    <ClCompile Include="PrivilegeDock\PrivilegeDock.cpp">
      <Filter>Source Files</Filter>
    </ClCompile>
    <ClCompile Include="ProcessDock\ProcessDock.cpp">
      <Filter>Source Files</Filter>
    </ClCompile>
    <ClCompile Include="SettingsDock\SettingsDock.cpp">
      <Filter>Source Files</Filter>
    </ClCompile>
    <ClCompile Include="WelcomeDock\WelcomeDock.cpp">
      <Filter>Source Files</Filter>
    </ClCompile>
    <ClCompile Include="ProcessDock\Process_Tool.cpp">
      <Filter>Source Files</Filter>
    </ClCompile>
    <ClCompile Include="UI\UIBaseFunction.cpp">
      <Filter>Source Files</Filter>
    </ClCompile>
  </ItemGroup>
  <ItemGroup>
    <QtMoc Include="Ksword5.cpp">
      <Filter>Source Files</Filter>
    </QtMoc>
    <QtMoc Include="MainWindow.h">
      <Filter>Header Files</Filter>
    </QtMoc>
    <QtMoc Include="DriverDock\DriverDock.h">
      <Filter>Header Files</Filter>
    </QtMoc>
    <QtMoc Include="FileDock\FileDock.h">
      <Filter>Header Files</Filter>
    </QtMoc>
    <QtMoc Include="KernelDock\KernelDock.h">
      <Filter>Header Files</Filter>
    </QtMoc>
    <QtMoc Include="MemoryDock\MemoryDock.h">
      <Filter>Header Files</Filter>
    </QtMoc>
    <QtMoc Include="MonitorDock\MonitorDock.h">
      <Filter>Header Files</Filter>
    </QtMoc>
    <QtMoc Include="NetworkDock\NetworkDock.h">
      <Filter>Header Files</Filter>
    </QtMoc>
    <QtMoc Include="OtherDock\OtherDock.h">
      <Filter>Header Files</Filter>
    </QtMoc>
    <QtMoc Include="PrivilegeDock\PrivilegeDock.h">
      <Filter>Header Files</Filter>
    </QtMoc>
    <QtMoc Include="ProcessDock\ProcessDock.h">
      <Filter>Header Files</Filter>
    </QtMoc>
    <QtMoc Include="SettingsDock\SettingsDock.h">
      <Filter>Header Files</Filter>
    </QtMoc>
    <QtMoc Include="WelcomeDock\WelcomeDock.h">
      <Filter>Header Files</Filter>
    </QtMoc>
  </ItemGroup>
  <ItemGroup>
    <ClInclude Include="UI\UI.css\UI_css.h">
      <Filter>Header Files</Filter>
    </ClInclude>
    <ClInclude Include="UI\UI_All.h">
      <Filter>Header Files</Filter>
    </ClInclude>
    <ClInclude Include="ProcessDock\Process_Tool.h">
      <Filter>Header Files</Filter>
    </ClInclude>
  </ItemGroup>
  <ItemGroup>
    <None Include="qtvars.pro" />
  </ItemGroup>
</Project>