<?xml version='1.0' encoding='utf-8'?>
<Project xmlns="http://schemas.microsoft.com/developer/msbuild/2003" ToolsVersion="4.0">
  <ItemGroup>
    <Filter Include="Source Files">
      <UniqueIdentifier>{4FC737F1-C7A5-4376-A066-2A32D752A2FF}</UniqueIdentifier>
      <Extensions>cpp;c;cc;cxx;def;odl;idl;hpj;bat;asm;asmx</Extensions>
    </Filter>
    <Filter Include="Header Files">
      <UniqueIdentifier>{93995380-89BD-4b04-88EB-625FBE52EBFB}</UniqueIdentifier>
      <Extensions>h;hpp;hxx;hm;inl;inc;xsd</Extensions>
    </Filter>
    <Filter Include="Resource Files">
      <UniqueIdentifier>{67DA6AB6-F800-4c08-8B7A-83BB121AAD01}</UniqueIdentifier>
      <Extensions>rc;ico;cur;bmp;dlg;rc2;rct;bin;rgs;gif;jpg;jpeg;jpe;resx;tiff;tif;png;wav;mfcribbon-ms</Extensions>
    </Filter>
    <Filter Include="Driver Files">
      <UniqueIdentifier>{8E41214B-6785-4CFE-B992-037D68949A14}</UniqueIdentifier>
      <Extensions>inf;inv;inx;mof;mc;</Extensions>
    </Filter>
    <Filter Include="Source Files\\Framework">
      <UniqueIdentifier>{E34E5095-D845-4B17-9956-E640B16179B2}</UniqueIdentifier>
    </Filter>
    <Filter Include="Source Files\\Dispatch">
      <UniqueIdentifier>{A060B883-8B50-4F43-85C4-E5C0D43B0F65}</UniqueIdentifier>
    </Filter>
    <Filter Include="Source Files\\Features">
      <UniqueIdentifier>{2722FBD5-E9FF-44AB-963F-D738CF00FA3F}</UniqueIdentifier>
    </Filter>
    <Filter Include="Source Files\\Features\\Callback">
      <UniqueIdentifier>{A97DE6FD-FFAF-4FB3-952D-13DE33A0A34B}</UniqueIdentifier>
    </Filter>
    <Filter Include="Source Files\\Features\\Kernel">
      <UniqueIdentifier>{3C9A808C-7B1F-4E1A-9A24-2A70C4FA2287}</UniqueIdentifier>
    </Filter>
    <Filter Include="Source Files\\Features\\Thread">
      <UniqueIdentifier>{9C5A3C0C-2B91-4E39-85C3-92FC8804AA8A}</UniqueIdentifier>
    </Filter>
    <Filter Include="Source Files\\Features\\Alpc">
      <UniqueIdentifier>{6DA7D558-6C19-4F0B-9E54-18A8057F62A6}</UniqueIdentifier>
    </Filter>
    <Filter Include="Source Files\\Features\\Section">
      <UniqueIdentifier>{D0CF50FD-7E50-4D4C-82D7-8236C7ECF50E}</UniqueIdentifier>
    </Filter>
    <Filter Include="Source Files\\Features\\WSL">
      <UniqueIdentifier>{E47C5901-B0C6-4E2A-B81E-1D61B073D2D9}</UniqueIdentifier>
    </Filter>
    <Filter Include="Source Files\\Features\\Trust">
      <UniqueIdentifier>{C7C90C1D-F34C-4B52-80AA-2835EB5D7BF7}</UniqueIdentifier>
    </Filter>
    <Filter Include="Source Files\\Features\\Safety">
      <UniqueIdentifier>{46FB8906-2B4B-4E0A-A0BA-C3E21CFB2D2D}</UniqueIdentifier>
    </Filter>
    <Filter Include="Source Files\\Features\\Preflight">
      <UniqueIdentifier>{DB4F3674-6C54-4925-9F6C-76E2BF199B65}</UniqueIdentifier>
    </Filter>
    <Filter Include="Source Files\\Platform">
      <UniqueIdentifier>{75A4CDCC-C7CA-4466-A916-060582F95507}</UniqueIdentifier>
    </Filter>
    <Filter Include="Header Files\\Ark">
      <UniqueIdentifier>{13A81269-1589-4984-B17E-03AB7BCA7D54}</UniqueIdentifier>
    </Filter>
    <Filter Include="Header Files\\Platform">
      <UniqueIdentifier>{B602E1B8-4706-46D8-B612-F762DFDDFCF6}</UniqueIdentifier>
    </Filter>
  <Filter Include="Source Files\Dispatch"><UniqueIdentifier>{00000000-0000-0000-0000-000000000000}</UniqueIdentifier></Filter><Filter Include="Source Files\Features"><UniqueIdentifier>{00000000-0000-0000-0000-000000000000}</UniqueIdentifier></Filter><Filter Include="Source Files\Features\Kernel"><UniqueIdentifier>{00000000-0000-0000-0000-000000000000}</UniqueIdentifier></Filter><Filter Include="Source Files\Features\Callback"><UniqueIdentifier>{00000000-0000-0000-0000-000000000000}</UniqueIdentifier></Filter></ItemGroup>
  <ItemGroup>
    <None Include="ReadMe.txt" />
  </ItemGroup>
  <ItemGroup>
    <Inf Include="KswordARKDriver.inf">
      <Filter>Driver Files</Filter>
    </Inf>
  </ItemGroup>
  <ItemGroup>
    <ClInclude Include="Device.h">
      <Filter>Header Files</Filter>
    </ClInclude>
    <ClInclude Include="Driver.h">
      <Filter>Header Files</Filter>
    </ClInclude>
    <ClInclude Include="Public.h">
      <Filter>Header Files</Filter>
    </ClInclude>
    <ClInclude Include="Queue.h">
      <Filter>Header Files</Filter>
    </ClInclude>
    <ClInclude Include="Trace.h">
      <Filter>Header Files</Filter>
    </ClInclude>
    <ClInclude Include="include\ark\ark_device.h">
      <Filter>Header Files\Ark</Filter>
    </ClInclude>
    <ClInclude Include="include\ark\ark_driver.h">
      <Filter>Header Files\Ark</Filter>
    </ClInclude>
    <ClInclude Include="include\ark\ark_file.h">
      <Filter>Header Files\Ark</Filter>
    </ClInclude>
    <ClInclude Include="include\ark\ark_ioctl.h">
      <Filter>Header Files\Ark</Filter>
    </ClInclude>
    <ClInclude Include="include\ark\ark_log.h">
      <Filter>Header Files\Ark</Filter>
    </ClInclude>
    <ClInclude Include="include\ark\ark_process.h">
      <Filter>Header Files\Ark</Filter>
    </ClInclude>
    <ClInclude Include="include\ark\ark_queue.h">
      <Filter>Header Files\Ark</Filter>
    </ClInclude>
    <ClInclude Include="include\ark\ark_callback.h">
      <Filter>Header Files\Ark</Filter>
    </ClInclude>
    <ClInclude Include="include\ark\ark_kernel.h">
      <Filter>Header Files\Ark</Filter>
    </ClInclude>
    <ClInclude Include="src\features\process\process_extended.h">
      <Filter>Header Files</Filter>
    </ClInclude>
    <ClInclude Include="src\features\callback\callback_internal.h">
      <Filter>Header Files</Filter>
    </ClInclude>
    <ClInclude Include="src\platform\process_resolver.h">
      <Filter>Header Files\Platform</Filter>
    </ClInclude>
    <ClInclude Include="src\platform\kernel_module_identity.h">
      <Filter>Header Files\Platform</Filter>
    </ClInclude>
    <ClInclude Include="include\ark\ark_dyndata.h">
      <Filter>Header Files\Ark</Filter>
    </ClInclude>
    <ClInclude Include="include\ark\ark_dyndata_fields.h">
      <Filter>Header Files\Ark</Filter>
    </ClInclude>
    <ClInclude Include="include\ark\ark_capability.h">
      <Filter>Header Files\Ark</Filter>
    </ClInclude>
    <ClInclude Include="include\ark\ark_thread.h">
      <Filter>Header Files\Ark</Filter>
    </ClInclude>
    <ClInclude Include="include\ark\ark_handle.h">
      <Filter>Header Files\Ark</Filter>
    </ClInclude>
    <ClInclude Include="src\features\handle\handle_support.h">
      <Filter>Header Files</Filter>
    </ClInclude>
    <ClInclude Include="include\ark\ark_alpc.h">
      <Filter>Header Files\Ark</Filter>
    </ClInclude>
    <ClInclude Include="src\features\alpc\alpc_support.h">
      <Filter>Header Files</Filter>
    </ClInclude>
    <ClInclude Include="include\ark\ark_section.h">
      <Filter>Header Files\Ark</Filter>
    </ClInclude>
    <ClInclude Include="src\features\section\section_support.h">
      <Filter>Header Files</Filter>
    </ClInclude>
    <ClInclude Include="include\ark\ark_memory.h">
      <Filter>Header Files\Ark</Filter>
    </ClInclude>
    <ClInclude Include="include\ark\ark_file_monitor.h">
      <Filter>Header Files\Ark</Filter>
    </ClInclude>
    <ClInclude Include="src\features\file_monitor\file_monitor_internal.h">
      <Filter>Header Files</Filter>
    </ClInclude>
    <ClInclude Include="include\ark\ark_wsl_silo.h">
      <Filter>Header Files\Ark</Filter>
    </ClInclude>
    <ClInclude Include="include\ark\ark_trust.h">
      <Filter>Header Files\Ark</Filter>
    </ClInclude>
    <ClInclude Include="include\ark\ark_safety.h">
      <Filter>Header Files\Ark</Filter>
    </ClInclude>
    <ClInclude Include="include\ark\ark_preflight.h">
      <Filter>Header Files\Ark</Filter>
    </ClInclude>
    <ClInclude Include="include\ark\ark_registry.h">
      <Filter>Header Files\Ark</Filter>
    </ClInclude>
    <ClInclude Include="..\third_party\systeminformer_dyn\ksw_si_dynconfig.h">
      <Filter>Header Files</Filter>
    </ClInclude>
    <ClInclude Include="..\third_party\systeminformer_dyn\kphdyn.h">
      <Filter>Header Files</Filter>
    </ClInclude>
  <ClInclude Include="src\dispatch\ioctl_registry.h"><Filter>Header Files</Filter></ClInclude><ClInclude Include="src\dispatch\ioctl_validation.h"><Filter>Header Files</Filter></ClInclude></ItemGroup>
  <ItemGroup>
    <ClCompile Include="src\features\callback\callback_runtime.c">
      <Filter>Source Files\Features\Callback</Filter>
    </ClCompile>
    <ClCompile Include="src\features\callback\callback_rules.c">
      <Filter>Source Files\Features\Callback</Filter>
    </ClCompile>
    <ClCompile Include="src\features\callback\callback_waiter.c">
      <Filter>Source Files\Features\Callback</Filter>
    </ClCompile>
    <ClCompile Include="src\features\callback\callback_remove_external.c">
      <Filter>Source Files\Features\Callback</Filter>
    </ClCompile>
    <ClCompile Include="src\features\callback\callback_enum.c">
      <Filter>Source Files\Features\Callback</Filter>
    </ClCompile>
    <ClCompile Include="src\features\callback\minifilter_callback.c">
      <Filter>Source Files\Features\Callback</Filter>
    </ClCompile>
    <ClCompile Include="src\features\callback\minifilter_runtime_link.c">
      <Filter>Source Files\Features\Callback</Filter>
    </ClCompile>
    <ClCompile Include="src\features\callback\registry_callback.c">
      <Filter>Source Files\Features\Callback</Filter>
    </ClCompile>
    <ClCompile Include="src\features\callback\process_callback.c">
      <Filter>Source Files\Features\Callback</Filter>
    </ClCompile>
    <ClCompile Include="src\features\callback\thread_callback.c">
      <Filter>Source Files\Features\Callback</Filter>
    </ClCompile>
    <ClCompile Include="src\features\callback\image_callback.c">
      <Filter>Source Files\Features\Callback</Filter>
    </ClCompile>
    <ClCompile Include="src\features\callback\object_callback.c">
      <Filter>Source Files\Features\Callback</Filter>
    </ClCompile>
    <ClCompile Include="src\features\kernel\ssdt_query.c">
      <Filter>Source Files\Features\Kernel</Filter>
    </ClCompile>
    <ClCompile Include="src\features\kernel\hook_scan.c">
      <Filter>Source Files\Features\Kernel</Filter>
    </ClCompile>
    <ClCompile Include="src\features\kernel\driver_object_query.c">
      <Filter>Source Files\Features\Kernel</Filter>
    </ClCompile>
    <ClCompile Include="src\features\kernel\driver_unload.c">
      <Filter>Source Files\Features\Kernel</Filter>
    </ClCompile>
    <ClCompile Include="src\features\file\file_actions.c">
      <Filter>Source Files\Features</Filter>
    </ClCompile>
    <ClCompile Include="src\features\file_monitor\file_monitor_operation_map.c">
      <Filter>Source Files\Features</Filter>
    </ClCompile>
    <ClCompile Include="src\features\file_monitor\file_monitor_runtime.c">
      <Filter>Source Files\Features</Filter>
    </ClCompile>
    <ClCompile Include="src\features\file_monitor\file_monitor_ioctl.c">
      <Filter>Source Files\Features</Filter>
    </ClCompile>
    <ClCompile Include="src\framework\driver_entry.c">
      <Filter>Source Files\Framework</Filter>
    </ClCompile>
    <ClCompile Include="src\framework\device_control.c">
      <Filter>Source Files\Framework</Filter>
    </ClCompile>
    <ClCompile Include="src\framework\io_queue.c">
      <Filter>Source Files\Framework</Filter>
    </ClCompile>
    <ClCompile Include="src\dispatch\ioctl_dispatch.c">
      <Filter>Source Files\Dispatch</Filter>
    </ClCompile>
    <ClCompile Include="src\features\log\log_channel.c">
      <Filter>Source Files\Features</Filter>
    </ClCompile>
    <ClCompile Include="src\features\process\process_actions.c">
      <Filter>Source Files\Features</Filter>
    </ClCompile>
    <ClCompile Include="src\features\process\process_dkom.c">
      <Filter>Source Files\Features</Filter>
    </ClCompile>
    <ClCompile Include="src\features\process\process_flags.c">
      <Filter>Source Files\Features</Filter>
    </ClCompile>
    <ClCompile Include="src\features\process\process_terminate.c">
      <Filter>Source Files\Features</Filter>
    </ClCompile>
    <ClCompile Include="src\features\process\process_terminate_memory.c">
      <Filter>Source Files\Features</Filter>
    </ClCompile>
    <ClCompile Include="src\features\process\process_extended.c">
      <Filter>Source Files\Features</Filter>
    </ClCompile>
    <ClCompile Include="src\features\process\process_memory.c">
      <Filter>Source Files\Features</Filter>
    </ClCompile>
    <ClCompile Include="src\features\process\process_memory_ioctl.c">
      <Filter>Source Files\Features</Filter>
    </ClCompile>
    <ClCompile Include="src\features\registry\registry_query.c">
      <Filter>Source Files\Features</Filter>
    </ClCompile>
    <ClCompile Include="src\features\registry\registry_ioctl.c">
      <Filter>Source Files\Features</Filter>
    </ClCompile>
    <ClCompile Include="src\platform\process_resolver.c">
      <Filter>Source Files\Platform</Filter>
    </ClCompile>
    <ClCompile Include="src\platform\kernel_module_identity.c">
      <Filter>Source Files\Platform</Filter>
    </ClCompile>
    <ClCompile Include="src\features\dyndata\dyndata_loader.c">
      <Filter>Source Files\Features\DynData</Filter>
    </ClCompile>
    <ClCompile Include="src\features\dyndata\dyndata_query.c">
      <Filter>Source Files\Features\DynData</Filter>
    </ClCompile>
    <ClCompile Include="src\features\dyndata\dyndata_validate.c">
      <Filter>Source Files\Features\DynData</Filter>
    </ClCompile>
    <ClCompile Include="src\features\capability\capability_query.c">
      <Filter>Source Files\Features</Filter>
    </ClCompile>
    <ClCompile Include="src\features\capability\capability_ioctl.c">
      <Filter>Source Files\Features</Filter>
    </ClCompile>
    <ClCompile Include="src\features\thread\thread_query.c">
      <Filter>Source Files\Features\Thread</Filter>
    </ClCompile>
    <ClCompile Include="src\features\thread\thread_ioctl.c">
      <Filter>Source Files\Features\Thread</Filter>
    </ClCompile>
    <ClCompile Include="src\features\handle\handle_support.c">
      <Filter>Source Files\Features\Handle</Filter>
    </ClCompile>
    <ClCompile Include="src\features\handle\handle_object_query.c">
      <Filter>Source Files\Features\Handle</Filter>
    </ClCompile>
    <ClCompile Include="src\features\handle\handle_query.c">
      <Filter>Source Files\Features\Handle</Filter>
    </ClCompile>
    <ClCompile Include="src\features\handle\handle_ioctl.c">
      <Filter>Source Files\Features\Handle</Filter>
    </ClCompile>
    <ClCompile Include="src\features\alpc\alpc_support.c">
      <Filter>Source Files\Features\Alpc</Filter>
    </ClCompile>
    <ClCompile Include="src\features\alpc\alpc_query.c">
      <Filter>Source Files\Features\Alpc</Filter>
    </ClCompile>
    <ClCompile Include="src\features\alpc\alpc_ioctl.c">
      <Filter>Source Files\Features\Alpc</Filter>
    </ClCompile>
    <ClCompile Include="src\features\section\section_support.c">
      <Filter>Source Files\Features\Section</Filter>
    </ClCompile>
    <ClCompile Include="src\features\section\section_query.c">
      <Filter>Source Files\Features\Section</Filter>
    </ClCompile>
    <ClCompile Include="src\features\section\section_ioctl.c">
      <Filter>Source Files\Features\Section</Filter>
    </ClCompile>
    <ClCompile Include="src\features\wsl\wsl_silo_query.c">
      <Filter>Source Files\Features\WSL</Filter>
    </ClCompile>
    <ClCompile Include="src\features\wsl\wsl_silo_ioctl.c">
      <Filter>Source Files\Features\WSL</Filter>
    </ClCompile>
    <ClCompile Include="src\features\trust\trust_query.c">
      <Filter>Source Files\Features\Trust</Filter>
    </ClCompile>
    <ClCompile Include="src\features\trust\trust_ioctl.c">
      <Filter>Source Files\Features\Trust</Filter>
    </ClCompile>
    <ClCompile Include="src\features\safety\safety_policy.c">
      <Filter>Source Files\Features\Safety</Filter>
    </ClCompile>
    <ClCompile Include="src\features\safety\safety_ioctl.c">
      <Filter>Source Files\Features\Safety</Filter>
    </ClCompile>
    <ClCompile Include="src\features\preflight\preflight_query.c">
      <Filter>Source Files\Features\Preflight</Filter>
    </ClCompile>
    <ClCompile Include="src\features\preflight\preflight_ioctl.c">
      <Filter>Source Files\Features\Preflight</Filter>
    </ClCompile>
    <ClCompile Include="..\third_party\systeminformer_dyn\kphdyn.c">
      <Filter>Source Files\ThirdParty</Filter>
    </ClCompile>
  <ClCompile Include="src\dispatch\ioctl_registry.c"><Filter>Source Files\Dispatch</Filter></ClCompile><ClCompile Include="src\dispatch\ioctl_validation.c"><Filter>Source Files\Dispatch</Filter></ClCompile><ClCompile Include="src\features\process\process_ioctl.c"><Filter>Source Files\Features</Filter></ClCompile><ClCompile Include="src\features\file\file_ioctl.c"><Filter>Source Files\Features</Filter></ClCompile><ClCompile Include="src\features\kernel\kernel_ioctl.c"><Filter>Source Files\Features\Kernel</Filter></ClCompile><ClCompile Include="src\features\callback\callback_ioctl.c"><Filter>Source Files\Features\Callback</Filter></ClCompile></ItemGroup>
</Project>
