<?xml version="1.0" encoding="utf-8"?>
<Project ToolsVersion="4.0" xmlns="http://schemas.microsoft.com/developer/msbuild/2003">
  <ItemGroup>
    <Filter Include="Source Files">
      <UniqueIdentifier>{4FC737F1-C7A5-4376-A066-2A32D752A2FF}</UniqueIdentifier>
      <Extensions>cpp;c;cc;cxx;def;odl;idl;hpj;bat;asm;asmx</Extensions>
    </Filter>
    <Filter Include="Header Files">
      <UniqueIdentifier>{93995380-89BD-4b04-88EB-625FBE52EBFB}</UniqueIdentifier>
      <Extensions>h;hpp;hxx;hm;inl;inc;xsd</Extensions>
    </Filter>
    <Filter Include="Resource Files">
      <UniqueIdentifier>{67DA6AB6-F800-4c08-8B7A-83BB121AAD01}</UniqueIdentifier>
      <Extensions>rc;ico;cur;bmp;dlg;rc2;rct;bin;rgs;gif;jpg;jpeg;jpe;resx;tiff;tif;png;wav;mfcribbon-ms</Extensions>
    </Filter>
    <Filter Include="Driver Files">
      <UniqueIdentifier>{8E41214B-6785-4CFE-B992-037D68949A14}</UniqueIdentifier>
      <Extensions>inf;inv;inx;mof;mc;</Extensions>
    </Filter>
    <Filter Include="Source Files\\Framework">
      <UniqueIdentifier>{E34E5095-D845-4B17-9956-E640B16179B2}</UniqueIdentifier>
    </Filter>
    <Filter Include="Source Files\\Dispatch">
      <UniqueIdentifier>{A060B883-8B50-4F43-85C4-E5C0D43B0F65}</UniqueIdentifier>
    </Filter>
    <Filter Include="Source Files\\Features">
      <UniqueIdentifier>{2722FBD5-E9FF-44AB-963F-D738CF00FA3F}</UniqueIdentifier>
    </Filter>
    <Filter Include="Source Files\\Features\\Callback">
      <UniqueIdentifier>{A97DE6FD-FFAF-4FB3-952D-13DE33A0A34B}</UniqueIdentifier>
    </Filter>
    <Filter Include="Source Files\\Features\\Kernel">
      <UniqueIdentifier>{3C9A808C-7B1F-4E1A-9A24-2A70C4FA2287}</UniqueIdentifier>
    </Filter>
    <Filter Include="Source Files\\Platform">
      <UniqueIdentifier>{75A4CDCC-C7CA-4466-A916-060582F95507}</UniqueIdentifier>
    </Filter>
    <Filter Include="Header Files\\Ark">
      <UniqueIdentifier>{13A81269-1589-4984-B17E-03AB7BCA7D54}</UniqueIdentifier>
    </Filter>
    <Filter Include="Header Files\\Platform">
      <UniqueIdentifier>{B602E1B8-4706-46D8-B612-F762DFDDFCF6}</UniqueIdentifier>
    </Filter>
  </ItemGroup>
  <ItemGroup>
    <None Include="ReadMe.txt" />
  </ItemGroup>
  <ItemGroup>
    <Inf Include="KswordARKDriver.inf">
      <Filter>Driver Files</Filter>
    </Inf>
  </ItemGroup>
  <ItemGroup>
    <ClInclude Include="Device.h">
      <Filter>Header Files</Filter>
    </ClInclude>
    <ClInclude Include="Driver.h">
      <Filter>Header Files</Filter>
    </ClInclude>
    <ClInclude Include="Public.h">
      <Filter>Header Files</Filter>
    </ClInclude>
    <ClInclude Include="Queue.h">
      <Filter>Header Files</Filter>
    </ClInclude>
    <ClInclude Include="Trace.h">
      <Filter>Header Files</Filter>
    </ClInclude>
    <ClInclude Include="include\ark\ark_device.h">
      <Filter>Header Files\Ark</Filter>
    </ClInclude>
    <ClInclude Include="include\ark\ark_driver.h">
      <Filter>Header Files\Ark</Filter>
    </ClInclude>
    <ClInclude Include="include\ark\ark_file.h">
      <Filter>Header Files\Ark</Filter>
    </ClInclude>
    <ClInclude Include="include\ark\ark_ioctl.h">
      <Filter>Header Files\Ark</Filter>
    </ClInclude>
    <ClInclude Include="include\ark\ark_log.h">
      <Filter>Header Files\Ark</Filter>
    </ClInclude>
    <ClInclude Include="include\ark\ark_process.h">
      <Filter>Header Files\Ark</Filter>
    </ClInclude>
    <ClInclude Include="include\ark\ark_queue.h">
      <Filter>Header Files\Ark</Filter>
    </ClInclude>
    <ClInclude Include="include\ark\ark_callback.h">
      <Filter>Header Files\Ark</Filter>
    </ClInclude>
    <ClInclude Include="include\ark\ark_kernel.h">
      <Filter>Header Files\Ark</Filter>
    </ClInclude>
    <ClInclude Include="src\features\callback\callback_internal.h">
      <Filter>Header Files</Filter>
    </ClInclude>
    <ClInclude Include="src\platform\process_resolver.h">
      <Filter>Header Files\Platform</Filter>
    </ClInclude>
  </ItemGroup>
  <ItemGroup>
    <ClCompile Include="src\features\callback\callback_runtime.c">
      <Filter>Source Files\Features\Callback</Filter>
    </ClCompile>
    <ClCompile Include="src\features\callback\callback_rules.c">
      <Filter>Source Files\Features\Callback</Filter>
    </ClCompile>
    <ClCompile Include="src\features\callback\callback_waiter.c">
      <Filter>Source Files\Features\Callback</Filter>
    </ClCompile>
    <ClCompile Include="src\features\callback\callback_remove_external.c">
      <Filter>Source Files\Features\Callback</Filter>
    </ClCompile>
    <ClCompile Include="src\features\callback\registry_callback.c">
      <Filter>Source Files\Features\Callback</Filter>
    </ClCompile>
    <ClCompile Include="src\features\callback\process_callback.c">
      <Filter>Source Files\Features\Callback</Filter>
    </ClCompile>
    <ClCompile Include="src\features\callback\thread_callback.c">
      <Filter>Source Files\Features\Callback</Filter>
    </ClCompile>
    <ClCompile Include="src\features\callback\image_callback.c">
      <Filter>Source Files\Features\Callback</Filter>
    </ClCompile>
    <ClCompile Include="src\features\callback\object_callback.c">
      <Filter>Source Files\Features\Callback</Filter>
    </ClCompile>
    <ClCompile Include="src\features\kernel\ssdt_query.c">
      <Filter>Source Files\Features\Kernel</Filter>
    </ClCompile>
    <ClCompile Include="src\features\file\file_actions.c">
      <Filter>Source Files\Features</Filter>
    </ClCompile>
    <ClCompile Include="src\framework\driver_entry.c">
      <Filter>Source Files\Framework</Filter>
    </ClCompile>
    <ClCompile Include="src\framework\device_control.c">
      <Filter>Source Files\Framework</Filter>
    </ClCompile>
    <ClCompile Include="src\framework\io_queue.c">
      <Filter>Source Files\Framework</Filter>
    </ClCompile>
    <ClCompile Include="src\dispatch\ioctl_dispatch.c">
      <Filter>Source Files\Dispatch</Filter>
    </ClCompile>
    <ClCompile Include="src\features\log\log_channel.c">
      <Filter>Source Files\Features</Filter>
    </ClCompile>
    <ClCompile Include="src\features\process\process_actions.c">
      <Filter>Source Files\Features</Filter>
    </ClCompile>
    <ClCompile Include="src\platform\process_resolver.c">
      <Filter>Source Files\Platform</Filter>
    </ClCompile>
  </ItemGroup>
</Project>
